
Microsoft Visual Studio Solution File, Format Version 12.00
# Visual Studio Version 16
VisualStudioVersion = 16.0.31702.278
MinimumVisualStudioVersion = 10.0.40219.1
Project("{FAE04EC0-301F-11D3-BF4B-00C04F79EFBC}") = "apple-game-info", "apple-game-info.csproj", "{5D2DEBA7-0F99-4734-B614-951E7DEC42ED}"
EndProject
Global
	GlobalSection(SolutionConfigurationPlatforms) = preSolution
		Debug|Any CPU = Debug|Any CPU
		Release|Any CPU = Release|Any CPU
	EndGlobalSection
	GlobalSection(ProjectConfigurationPlatforms) = postSolution
		{5D2DEBA7-0F99-4734-B614-951E7DEC42ED}.Debug|Any CPU.ActiveCfg = Debug|Any CPU
		{5D2DEBA7-0F99-4734-B614-951E7DEC42ED}.Debug|Any CPU.Build.0 = Debug|Any CPU
		{5D2DEBA7-0F99-4734-B614-951E7DEC42ED}.Release|Any CPU.ActiveCfg = Release|Any CPU
		{5D2DEBA7-0F99-4734-B614-951E7DEC42ED}.Release|Any CPU.Build.0 = Release|Any CPU
	EndGlobalSection
	GlobalSection(SolutionProperties) = preSolution
		HideSolutionNode = FALSE
	EndGlobalSection
	GlobalSection(ExtensibilityGlobals) = postSolution
		SolutionGuid = {318AC566-A9FC-4A01-9127-4DF0B173016D}
	EndGlobalSection
EndGlobal
